
Microsoft Visual Studio Solution File, Format Version 12.00
# Visual Studio Version 16
VisualStudioVersion = 16.0.31410.357
MinimumVisualStudioVersion = 10.0.40219.1
Project("{FAE04EC0-301F-11D3-BF4B-00C04F79EFBC}") = "WebAPI", "WebAPI.csproj", "{EB588BF6-BB8A-4C2D-A0C7-ECFE526A3270}"
EndProject
Project("{FAE04EC0-301F-11D3-BF4B-00C04F79EFBC}") = "WebAppMVC5", "..\WebAppMVC5\WebAppMVC5.csproj", "{96E19902-8294-4103-BEF8-9DE8A86383A5}"
EndProject
Global
	GlobalSection(SolutionConfigurationPlatforms) = preSolution
		Debug|Any CPU = Debug|Any CPU
		Release|Any CPU = Release|Any CPU
	EndGlobalSection
	GlobalSection(ProjectConfigurationPlatforms) = postSolution
		{EB588BF6-BB8A-4C2D-A0C7-ECFE526A3270}.Debug|Any CPU.ActiveCfg = Debug|Any CPU
		{EB588BF6-BB8A-4C2D-A0C7-ECFE526A3270}.Debug|Any CPU.Build.0 = Debug|Any CPU
		{EB588BF6-BB8A-4C2D-A0C7-ECFE526A3270}.Release|Any CPU.ActiveCfg = Release|Any CPU
		{EB588BF6-BB8A-4C2D-A0C7-ECFE526A3270}.Release|Any CPU.Build.0 = Release|Any CPU
		{96E19902-8294-4103-BEF8-9DE8A86383A5}.Debug|Any CPU.ActiveCfg = Debug|Any CPU
		{96E19902-8294-4103-BEF8-9DE8A86383A5}.Debug|Any CPU.Build.0 = Debug|Any CPU
		{96E19902-8294-4103-BEF8-9DE8A86383A5}.Release|Any CPU.ActiveCfg = Release|Any CPU
		{96E19902-8294-4103-BEF8-9DE8A86383A5}.Release|Any CPU.Build.0 = Release|Any CPU
	EndGlobalSection
	GlobalSection(SolutionProperties) = preSolution
		HideSolutionNode = FALSE
	EndGlobalSection
	GlobalSection(ExtensibilityGlobals) = postSolution
		SolutionGuid = {AA7637FC-DAA5-484B-830A-A3A0CFCEDCBE}
	EndGlobalSection
EndGlobal
